{
  "name": "RetirementModelPureScript",
  "lockfileVersion": 2,
  "requires": true,
  "packages": {
    "": {
      "dependencies": {
        "purty": "^6.3.1"
      }
    },
    "node_modules/purty": {
      "version": "6.3.1",
      "resolved": "https://registry.npmjs.org/purty/-/purty-6.3.1.tgz",
      "integrity": "sha512-KfOSejzz4PExqRwhRuLIJoggKY+cCVLGt+fB4csiyEv3ATX0IB93udl66UW4ZVj/zNJ4Ds+FK9nLfEXcNwBo5A==",
      "os": [
        "linux",
        "darwin",
        "win32"
      ],
      "bin": {
        "purty": "bin/purty.js"
      }
    }
  },
  "dependencies": {
    "purty": {
      "version": "6.3.1",
      "resolved": "https://registry.npmjs.org/purty/-/purty-6.3.1.tgz",
      "integrity": "sha512-KfOSejzz4PExqRwhRuLIJoggKY+cCVLGt+fB4csiyEv3ATX0IB93udl66UW4ZVj/zNJ4Ds+FK9nLfEXcNwBo5A=="
    }
  }
}
