{
  "name": "RetirementModelPureScript",
  "lockfileVersion": 2,
  "requires": true,
  "packages": {
    "": {
      "dependencies": {
        "purty": "^6.3.0"
      }
    },
    "node_modules/purty": {
      "version": "6.3.0",
      "resolved": "https://registry.npmjs.org/purty/-/purty-6.3.0.tgz",
      "integrity": "sha512-l70uQyz+t5GvCPzOorUbIhRX3oQW9i8Kgwr0LvS6nUq+UM4rMJdYcHazuupcLVInvNsbd290EnpjaRgAITt0dw==",
      "os": [
        "linux",
        "darwin",
        "win32"
      ],
      "bin": {
        "purty": "bin/purty.js"
      }
    }
  },
  "dependencies": {
    "purty": {
      "version": "6.3.0",
      "resolved": "https://registry.npmjs.org/purty/-/purty-6.3.0.tgz",
      "integrity": "sha512-l70uQyz+t5GvCPzOorUbIhRX3oQW9i8Kgwr0LvS6nUq+UM4rMJdYcHazuupcLVInvNsbd290EnpjaRgAITt0dw=="
    }
  }
}
